{
  "lockfileVersion": 1,
  "workspaces": {
    "": {
      "name": "elysia",
      "dependencies": {
        "@elysiajs/cors": "^1.1.0",
        "@elysiajs/eden": "^1.1.2",
        "@elysiajs/static": "^1.1.0",
        "@emotion/weak-memoize": "^0.4.0",
        "@notes/client": "https://github.com/dtinth/notes-frontend/releases/download/v0.0.250904065552-nx/notes-client-0.0.250904065552-nx.tgz",
        "@notes/compiler": "https://github.com/dtinth/notes-frontend/releases/download/v0.0.250904065552-nx/notes-compiler-0.0.250904065552-nx.tgz",
        "@notes/html-generator": "https://github.com/dtinth/notes-frontend/releases/download/v0.0.250904065552-nx/notes-html-generator-0.0.250904065552-nx.tgz",
        "@supabase/supabase-js": "",
        "@thai/funny-json": "npm:@jsr/thai__funny-json@0.0.2",
        "@thai/get-or-create": "npm:@jsr/thai__get-or-create",
        "async-cache-dedupe": "^2.2.0",
        "chokidar": "^3.6.0",
        "dataloader": "^2.2.2",
        "elysia": "latest",
        "hast": "^1.0.0",
        "hast-util-to-text": "^4.0.2",
        "jose": "^5.8.0",
        "listr2": "^8.2.4",
        "markdown-it": "^14.1.0",
        "memoize-one": "^6.0.0",
        "micromark": "^4.0.0",
        "micromark-extension-gfm-footnote": "^2.1.0",
        "micromark-extension-gfm-strikethrough": "^2.1.0",
        "micromark-extension-gfm-table": "^2.1.0",
        "minisearch": "^7.1.0",
        "notes-frontend": "https://github.com/dtinth/notes-frontend/releases/download/v0.0.240928173659/notes-frontend-0.0.240928173659.tgz",
        "ofetch": "^1.3.4",
        "p-limit": "^6.1.0",
        "p-map": "^7.0.2",
        "rehype-parse": "^9.0.0",
        "rss": "^1.2.2",
        "sort-keys": "^5.1.0",
        "stemmer": "^2.0.1",
        "stopwords": "^0.0.9",
        "unified": "^11.0.5",
        "unist-util-visit": "^5.0.0",
      },
      "devDependencies": {
        "@prettier/plugin-xml": "^3.4.1",
        "@types/rss": "^0.0.32",
        "bun-types": "latest",
        "prettier": "^3.3.3",
      },
    },
  },
  "packages": {
    "@elysiajs/cors": ["@elysiajs/cors@1.1.0", "", { "peerDependencies": { "elysia": ">= 1.1.0" } }, "sha512-k5caMGURZGggLrj7lgaaRLqCabyrxpPTRObsPDVug+YIWGgE2NGWCdY/FAU9kgn9PsUEE/V5QaUFO8OasV5x9g=="],

    "@elysiajs/eden": ["@elysiajs/eden@1.1.2", "", { "peerDependencies": { "elysia": ">= 1.1.0" } }, "sha512-SNMW+7oN97POOq2r5rXBYXa9dBbqIcSVZ+0fFL0KnMmD3OKfhjuXzbGeeimRCMDVQr/ANvdvbqkQ+fJx1xOEjg=="],

    "@elysiajs/static": ["@elysiajs/static@1.1.0", "", { "dependencies": { "node-cache": "^5.1.2" }, "peerDependencies": { "elysia": ">= 1.1.0" } }, "sha512-aYBRXuQyTjA4pG2M0UYE60l8JETWjLxQy2NLjbZ70unkb4JE1z7xrGGBZ9deeBl3u7IsSfo9b5HaGv3vb7mruQ=="],

    "@emotion/weak-memoize": ["@emotion/weak-memoize@0.4.0", "", {}, "sha512-snKqtPW01tN0ui7yu9rGv69aJXr/a/Ywvl11sUjNtEcRc+ng/mQriFL0wLXMef74iHa/EkftbDzU9F8iFbH+zg=="],

    "@notes/client": ["@notes/client@https://github.com/dtinth/notes-frontend/releases/download/v0.0.250904065552-nx/notes-client-0.0.250904065552-nx.tgz", {}],

    "@notes/compiler": ["@notes/compiler@https://github.com/dtinth/notes-frontend/releases/download/v0.0.250904065552-nx/notes-compiler-0.0.250904065552-nx.tgz", {}],

    "@notes/html-generator": ["@notes/html-generator@https://github.com/dtinth/notes-frontend/releases/download/v0.0.250904065552-nx/notes-html-generator-0.0.250904065552-nx.tgz", { "dependencies": { "lodash-es": "^4.17.21" } }],

    "@prettier/plugin-xml": ["@prettier/plugin-xml@3.4.1", "", { "dependencies": { "@xml-tools/parser": "^1.0.11" }, "peerDependencies": { "prettier": "^3.0.0" } }, "sha512-Uf/6/+9ez6z/IvZErgobZ2G9n1ybxF5BhCd7eMcKqfoWuOzzNUxBipNo3QAP8kRC1VD18TIo84no7LhqtyDcTg=="],

    "@sinclair/typebox": ["@sinclair/typebox@0.32.34", "", {}, "sha512-a3Z3ytYl6R/+7ldxx04PO1semkwWlX/8pTqxsPw4quIcIXDFPZhOc1Wx8azWmkU26ccK3mHwcWenn0avNgAKQg=="],

    "@supabase/auth-js": ["@supabase/auth-js@2.65.0", "", { "dependencies": { "@supabase/node-fetch": "^2.6.14" } }, "sha512-+wboHfZufAE2Y612OsKeVP4rVOeGZzzMLD/Ac3HrTQkkY4qXNjI6Af9gtmxwccE5nFvTiF114FEbIQ1hRq5uUw=="],

    "@supabase/functions-js": ["@supabase/functions-js@2.4.1", "", { "dependencies": { "@supabase/node-fetch": "^2.6.14" } }, "sha512-8sZ2ibwHlf+WkHDUZJUXqqmPvWQ3UHN0W30behOJngVh/qHHekhJLCFbh0AjkE9/FqqXtf9eoVvmYgfCLk5tNA=="],

    "@supabase/node-fetch": ["@supabase/node-fetch@2.6.15", "", { "dependencies": { "whatwg-url": "^5.0.0" } }, "sha512-1ibVeYUacxWYi9i0cf5efil6adJ9WRyZBLivgjs+AUpewx1F3xPi7gLgaASI2SmIQxPoCEjAsLAzKPgMJVgOUQ=="],

    "@supabase/postgrest-js": ["@supabase/postgrest-js@1.15.8", "", { "dependencies": { "@supabase/node-fetch": "^2.6.14" } }, "sha512-YunjXpoQjQ0a0/7vGAvGZA2dlMABXFdVI/8TuVKtlePxyT71sl6ERl6ay1fmIeZcqxiuFQuZw/LXUuStUG9bbg=="],

    "@supabase/realtime-js": ["@supabase/realtime-js@2.10.2", "", { "dependencies": { "@supabase/node-fetch": "^2.6.14", "@types/phoenix": "^1.5.4", "@types/ws": "^8.5.10", "ws": "^8.14.2" } }, "sha512-qyCQaNg90HmJstsvr2aJNxK2zgoKh9ZZA8oqb7UT2LCh3mj9zpa3Iwu167AuyNxsxrUE8eEJ2yH6wLCij4EApA=="],

    "@supabase/storage-js": ["@supabase/storage-js@2.7.0", "", { "dependencies": { "@supabase/node-fetch": "^2.6.14" } }, "sha512-iZenEdO6Mx9iTR6T7wC7sk6KKsoDPLq8rdu5VRy7+JiT1i8fnqfcOr6mfF2Eaqky9VQzhP8zZKQYjzozB65Rig=="],

    "@supabase/supabase-js": ["@supabase/supabase-js@2.45.3", "", { "dependencies": { "@supabase/auth-js": "2.65.0", "@supabase/functions-js": "2.4.1", "@supabase/node-fetch": "2.6.15", "@supabase/postgrest-js": "1.15.8", "@supabase/realtime-js": "2.10.2", "@supabase/storage-js": "2.7.0" } }, "sha512-4wAux6cuVMrdH/qUjKn6p3p3L9AtAO3Une6ojIrtpCj1RaXKVoyIATiacSRAI+pKff6XZBVCGC29v+z4Jo/uSw=="],

    "@thai/funny-json": ["@jsr/thai__funny-json@0.0.2", "https://npm.jsr.io/~/11/@jsr/thai__funny-json/0.0.2.tgz", {}, "sha512-Qi48wPZTpCXQvF+baARL/OJBecte5Ba6xAY9Dxr5r62AYMfDQgK/JW9NCI2cdOWQxYxZGsIqr4Wizpll4ZEBiQ=="],

    "@thai/get-or-create": ["@jsr/thai__get-or-create@0.0.4", "https://npm.jsr.io/~/11/@jsr/thai__get-or-create/0.0.4.tgz", {}, "sha512-HvepsyVpvrtWAI43MwwqRaTjAQCqCmhdzV7szftPmmbt5omQPgDEWLn9gA6APQMj/29JEN0gV5LvRlWY4IvvwA=="],

    "@types/debug": ["@types/debug@4.1.12", "", { "dependencies": { "@types/ms": "*" } }, "sha512-vIChWdVG3LG1SMxEvI/AK+FWJthlrqlTu7fbrlywTkkaONwk/UAGaULXRlf8vkzFBLVm0zkMdCquhL5aOjhXPQ=="],

    "@types/hast": ["@types/hast@3.0.4", "", { "dependencies": { "@types/unist": "*" } }, "sha512-WPs+bbQw5aCj+x6laNGWLH3wviHtoCv/P3+otBhbOhJgG8qtpdAMlTCxLtsTWA7LH1Oh/bFCHsBn0TPS5m30EQ=="],

    "@types/ms": ["@types/ms@0.7.34", "", {}, "sha512-nG96G3Wp6acyAgJqGasjODb+acrI7KltPiRxzHPXnP3NgI28bpQDRv53olbqGXbfcgF5aiiHmO3xpwEpS5Ld9g=="],

    "@types/node": ["@types/node@20.12.14", "", { "dependencies": { "undici-types": "~5.26.4" } }, "sha512-scnD59RpYD91xngrQQLGkE+6UrHUPzeKZWhhjBSa3HSkwjbQc38+q3RoIVEwxQGRw3M+j5hpNAM+lgV3cVormg=="],

    "@types/phoenix": ["@types/phoenix@1.6.5", "", {}, "sha512-xegpDuR+z0UqG9fwHqNoy3rI7JDlvaPh2TY47Fl80oq6g+hXT+c/LEuE43X48clZ6lOfANl5WrPur9fYO1RJ/w=="],

    "@types/rss": ["@types/rss@0.0.32", "", {}, "sha512-2oKNqKyUY4RSdvl5eZR1n2Q9yvw3XTe3mQHsFPn9alaNBxfPnbXBtGP8R0SV8pK1PrVnLul0zx7izbm5/gF5Qw=="],

    "@types/unist": ["@types/unist@3.0.3", "", {}, "sha512-ko/gIFJRv177XgZsZcBwnqJN5x/Gien8qNOn0D5bQU/zAzVf9Zt3BlcUiLqhV9y4ARk0GbT3tnUiPNgnTXzc/Q=="],

    "@types/ws": ["@types/ws@8.5.12", "", { "dependencies": { "@types/node": "*" } }, "sha512-3tPRkv1EtkDpzlgyKyI8pGsGZAGPEaXeu0DOj5DI25Ja91bdAYddYHbADRYVrZMRbfW+1l5YwXVDKohDJNQxkQ=="],

    "@xml-tools/parser": ["@xml-tools/parser@1.0.11", "", { "dependencies": { "chevrotain": "7.1.1" } }, "sha512-aKqQ077XnR+oQtHJlrAflaZaL7qZsulWc/i/ZEooar5JiWj1eLt0+Wg28cpa+XLney107wXqneC+oG1IZvxkTA=="],

    "ansi-escapes": ["ansi-escapes@7.0.0", "", { "dependencies": { "environment": "^1.0.0" } }, "sha512-GdYO7a61mR0fOlAsvC9/rIHf7L96sBc6dEWzeOu+KAea5bZyQRPIpojrVoI4AXGJS/ycu/fBTdLrUkA4ODrvjw=="],

    "ansi-regex": ["ansi-regex@6.0.1", "", {}, "sha512-n5M855fKb2SsfMIiFFoVrABHJC8QtHwVx+mHWP3QcEqBHYienj5dHSgjbxtC0WEZXYt4wcD6zrQElDPhFuZgfA=="],

    "ansi-styles": ["ansi-styles@6.2.1", "", {}, "sha512-bN798gFfQX+viw3R7yrGWRqnrN2oRkEkUjjl4JNn4E8GxxbjtG3FbrEIIY3l8/hrwUwIeCZvi4QuOTP4MErVug=="],

    "anymatch": ["anymatch@3.1.3", "", { "dependencies": { "normalize-path": "^3.0.0", "picomatch": "^2.0.4" } }, "sha512-KMReFUr0B4t+D+OBkjR3KYqvocp2XaSzO55UcB6mgQMd3KbcE+mWTyvVV7D/zsdEbNnV6acZUutkiHQXvTr1Rw=="],

    "argparse": ["argparse@2.0.1", "", {}, "sha512-8+9WqebbFzpX9OR+Wa6O29asIogeRMzcGtAINdpMHHyAg10f05aSFVBbcEqGf/PXw1EjAZ+q2/bEBg3DvurK3Q=="],

    "async-cache-dedupe": ["async-cache-dedupe@2.2.0", "", { "dependencies": { "mnemonist": "^0.39.5", "safe-stable-stringify": "^2.4.3" } }, "sha512-jl4L6dGC+KLB/LIA1iIBiq7eWQ43K7lIcIdwbUUwRmfT209yH8Xm1uPTOxxlNQ7XD6/XHU7xhSr/NgPxlH04MQ=="],

    "async-memoize-one": ["async-memoize-one@1.1.8", "", { "dependencies": { "fast-deep-equal": "~3.1.3" } }, "sha512-pS8gDRFMFDGEVaWUFy9i9OIJQ5o9L8XNQMnv7Ku76XONO5pxK+1cN9IackyPUv717Vg1J8KI2AaLJG28ZHKIkw=="],

    "bail": ["bail@2.0.2", "", {}, "sha512-0xO6mYd7JB2YesxDKplafRpsiOzPt9V02ddPCLbY1xYGPOX24NTyN50qnUxgCPcSoYMhKpAuBTjQoRZCAkUDRw=="],

    "binary-extensions": ["binary-extensions@2.3.0", "", {}, "sha512-Ceh+7ox5qe7LJuLHoY0feh3pHuUDHAcRUeyL2VYghZwfpkNIy/+8Ocg0a3UuSoYzavmylwuLWQOf3hl0jjMMIw=="],

    "braces": ["braces@3.0.3", "", { "dependencies": { "fill-range": "^7.1.1" } }, "sha512-yQbXgO/OSZVD2IsiLlro+7Hf6Q18EJrKSEsdoMzKePKXct3gvD8oLcOQdIzGupr5Fj+EDe8gO/lxc1BzfMpxvA=="],

    "bun-types": ["bun-types@1.1.26", "", { "dependencies": { "@types/node": "~20.12.8", "@types/ws": "~8.5.10" } }, "sha512-n7jDe62LsB2+WE8Q8/mT3azkPaatKlj/2MyP6hi3mKvPz9oPpB6JW/Ll6JHtNLudasFFuvfgklYSE+rreGvBjw=="],

    "character-entities": ["character-entities@2.0.2", "", {}, "sha512-shx7oQ0Awen/BRIdkjkvz54PnEEI/EjwXDSIZp86/KKdbafHh1Df/RYGBhn4hbe2+uKC9FnT5UCEdyPz3ai9hQ=="],

    "chevrotain": ["chevrotain@7.1.1", "", { "dependencies": { "regexp-to-ast": "0.5.0" } }, "sha512-wy3mC1x4ye+O+QkEinVJkPf5u2vsrDIYW9G7ZuwFl6v/Yu0LwUuT2POsb+NUWApebyxfkQq6+yDfRExbnI5rcw=="],

    "chokidar": ["chokidar@3.6.0", "", { "dependencies": { "anymatch": "~3.1.2", "braces": "~3.0.2", "glob-parent": "~5.1.2", "is-binary-path": "~2.1.0", "is-glob": "~4.0.1", "normalize-path": "~3.0.0", "readdirp": "~3.6.0" }, "optionalDependencies": { "fsevents": "~2.3.2" } }, "sha512-7VT13fmjotKpGipCW9JEQAusEPE+Ei8nl6/g4FBAmIm0GOOLMua9NDDo/DWp0ZAxCr3cPq5ZpBqmPAQgDda2Pw=="],

    "cli-cursor": ["cli-cursor@5.0.0", "", { "dependencies": { "restore-cursor": "^5.0.0" } }, "sha512-aCj4O5wKyszjMmDT4tZj93kxyydN/K5zPWSCe6/0AV/AA1pqe5ZBIw0a2ZfPQV7lL5/yb5HsUreJ6UFAF1tEQw=="],

    "cli-truncate": ["cli-truncate@4.0.0", "", { "dependencies": { "slice-ansi": "^5.0.0", "string-width": "^7.0.0" } }, "sha512-nPdaFdQ0h/GEigbPClz11D0v/ZJEwxmeVZGeMo3Z5StPtUTkA9o1lD6QwoirYiSDzbcwn2XcjwmCp68W1IS4TA=="],

    "clone": ["clone@2.1.2", "", {}, "sha512-3Pe/CF1Nn94hyhIYpjtiLhdCoEoz0DqQ+988E9gmeEdQZlojxnOb74wctFyuwWQHzqyf9X7C7MG8juUpqBJT8w=="],

    "colorette": ["colorette@2.0.20", "", {}, "sha512-IfEDxwoWIjkeXL1eXcDiow4UbKjhLdq6/EuSVR9GMN7KVH3r9gQ83e73hsz1Nd1T3ijd5xv1wcWRYO+D6kCI2w=="],

    "comma-separated-tokens": ["comma-separated-tokens@2.0.3", "", {}, "sha512-Fu4hJdvzeylCfQPp9SGWidpzrMs7tTrlu6Vb8XGaRGck8QSNZJJp538Wrb60Lax4fPwR64ViY468OIUTbRlGZg=="],

    "cookie": ["cookie@0.6.0", "", {}, "sha512-U71cyTamuh1CRNCfpGY6to28lxvNwPG4Guz/EVjgf3Jmzv0vlDp1atT9eS5dDjMYHucpHbWns6Lwf3BKz6svdw=="],

    "dataloader": ["dataloader@2.2.2", "", {}, "sha512-8YnDaaf7N3k/q5HnTJVuzSyLETjoZjVmHc4AeKAzOvKHEFQKcn64OKBfzHYtE9zGjctNM7V9I0MfnUVLpi7M5g=="],

    "debug": ["debug@4.3.6", "", { "dependencies": { "ms": "2.1.2" } }, "sha512-O/09Bd4Z1fBrU4VzkhFqVgpPzaGbw6Sm9FEkBT1A/YBXQFGuuSxa1dN2nxgxS34JmKXqYx8CZAwEVoJFImUXIg=="],

    "decode-named-character-reference": ["decode-named-character-reference@1.0.2", "", { "dependencies": { "character-entities": "^2.0.0" } }, "sha512-O8x12RzrUF8xyVcY0KJowWsmaJxQbmy0/EtnNtHRpsOcT7dFk5W598coHqBVpmWo1oQQfsCqfCmkZN5DJrZVdg=="],

    "dequal": ["dequal@2.0.3", "", {}, "sha512-0je+qPKHEMohvfRTCEo3CrPG6cAzAYgmzKyxRiYSSDkS6eGJdyVJm7WaYA5ECaAD9wLB2T4EEeymA5aFVcYXCA=="],

    "destr": ["destr@2.0.3", "", {}, "sha512-2N3BOUU4gYMpTP24s5rF5iP7BDr7uNTCs4ozw3kf/eKfvWSIu93GEBi5m427YoyJoeOzQ5smuu4nNAPGb8idSQ=="],

    "devlop": ["devlop@1.1.0", "", { "dependencies": { "dequal": "^2.0.0" } }, "sha512-RWmIqhcFf1lRYBvNmr7qTNuyCt/7/ns2jbpp1+PalgE/rDQcBT0fioSMUpJ93irlUhC5hrg4cYqe6U+0ImW0rA=="],

    "elysia": ["elysia@1.1.7", "", { "dependencies": { "@sinclair/typebox": "0.32.34", "cookie": "^0.6.0", "fast-decode-uri-component": "^1.0.1", "openapi-types": "^12.1.3" }, "peerDependencies": { "typescript": ">= 5.0.0" }, "optionalPeers": ["typescript"] }, "sha512-VheTaihrj3vnOZONeNJvpeXmuYyVKL19OZOc4xox5SoThovWT4fD8cIa5Ywii1QhaW6DIZTPDbplLADc+MTJZQ=="],

    "emoji-regex": ["emoji-regex@10.4.0", "", {}, "sha512-EC+0oUMY1Rqm4O6LLrgjtYDvcVYTy7chDnM4Q7030tP4Kwj3u/pR6gP9ygnp2CJMK5Gq+9Q2oqmrFJAz01DXjw=="],

    "entities": ["entities@4.5.0", "", {}, "sha512-V0hjH4dGPh9Ao5p0MoRY6BVqtwCjhz6vI5LT8AJ55H+4g9/4vbHx1I54fS0XuclLhDHArPQCiMjDxjaL8fPxhw=="],

    "environment": ["environment@1.1.0", "", {}, "sha512-xUtoPkMggbz0MPyPiIWr1Kp4aeWJjDZ6SMvURhimjdZgsRuDplF5/s9hcgGhyXMhs+6vpnuoiZ2kFiu3FMnS8Q=="],

    "eventemitter3": ["eventemitter3@5.0.1", "", {}, "sha512-GWkBvjiSZK87ELrYOSESUYeVIc9mvLLf/nXalMOS5dYrgZq9o5OVkbZAVM06CVxYsCwH9BDZFPlQTlPA1j4ahA=="],

    "extend": ["extend@3.0.2", "", {}, "sha512-fjquC59cD7CyW6urNXK0FBufkZcoiGG80wTuPujX590cB5Ttln20E2UB4S/WARVqhXffZl2LNgS+gQdPIIim/g=="],

    "fast-decode-uri-component": ["fast-decode-uri-component@1.0.1", "", {}, "sha512-WKgKWg5eUxvRZGwW8FvfbaH7AXSh2cL+3j5fMGzUMCxWBJ3dV3a7Wz8y2f/uQ0e3B6WmodD3oS54jTQ9HVTIIg=="],

    "fast-deep-equal": ["fast-deep-equal@3.1.3", "", {}, "sha512-f3qQ9oQy9j2AhBe/H9VC91wLmKBCCU/gDOnKNAYG5hswO7BLKj09Hc5HYNz9cGI++xlpDCIgDaitVs03ATR84Q=="],

    "fill-range": ["fill-range@7.1.1", "", { "dependencies": { "to-regex-range": "^5.0.1" } }, "sha512-YsGpe3WHLK8ZYi4tWDg2Jy3ebRz2rXowDxnld4bkQB00cc/1Zw9AWnC0i9ztDJitivtQvaI9KaLyKrc+hBW0yg=="],

    "fsevents": ["fsevents@2.3.3", "", { "os": "darwin" }, "sha512-5xoDfX+fL7faATnagmWPpbFtwh/R77WmMMqqHGS65C3vvB0YHrgF+B1YmZ3441tMj5n63k0212XNoJwzlhffQw=="],

    "get-east-asian-width": ["get-east-asian-width@1.2.0", "", {}, "sha512-2nk+7SIVb14QrgXFHcm84tD4bKQz0RxPuMT8Ag5KPOq7J5fEmAg0UbXdTOSHqNuHSU28k55qnceesxXRZGzKWA=="],

    "glob-parent": ["glob-parent@5.1.2", "", { "dependencies": { "is-glob": "^4.0.1" } }, "sha512-AOIgSQCepiJYwP3ARnGx+5VnTu2HBYdzbGP45eLw1vr3zB3vZLeyed1sC9hnbcOc9/SrMyM5RPQrkGz4aS9Zow=="],

    "hast": ["hast@1.0.0", "", {}, "sha512-vFUqlRV5C+xqP76Wwq2SrM0kipnmpxJm7OfvVXpB35Fp+Fn4MV+ozr+JZr5qFvyR1q/U+Foim2x+3P+x9S1PLA=="],

    "hast-util-from-html": ["hast-util-from-html@2.0.2", "", { "dependencies": { "@types/hast": "^3.0.0", "devlop": "^1.1.0", "hast-util-from-parse5": "^8.0.0", "parse5": "^7.0.0", "vfile": "^6.0.0", "vfile-message": "^4.0.0" } }, "sha512-HwOHwxdt2zC5KQ/CNoybBntRook2zJvfZE/u5/Ap7aLPe22bDqen7KwGkOqOyzL5zIqKwiYX/OTtE0FWgr6XXA=="],

    "hast-util-from-parse5": ["hast-util-from-parse5@8.0.1", "", { "dependencies": { "@types/hast": "^3.0.0", "@types/unist": "^3.0.0", "devlop": "^1.0.0", "hastscript": "^8.0.0", "property-information": "^6.0.0", "vfile": "^6.0.0", "vfile-location": "^5.0.0", "web-namespaces": "^2.0.0" } }, "sha512-Er/Iixbc7IEa7r/XLtuG52zoqn/b3Xng/w6aZQ0xGVxzhw5xUFxcRqdPzP6yFi/4HBYRaifaI5fQ1RH8n0ZeOQ=="],

    "hast-util-is-element": ["hast-util-is-element@3.0.0", "", { "dependencies": { "@types/hast": "^3.0.0" } }, "sha512-Val9mnv2IWpLbNPqc/pUem+a7Ipj2aHacCwgNfTiK0vJKl0LF+4Ba4+v1oPHFpf3bLYmreq0/l3Gud9S5OH42g=="],

    "hast-util-parse-selector": ["hast-util-parse-selector@4.0.0", "", { "dependencies": { "@types/hast": "^3.0.0" } }, "sha512-wkQCkSYoOGCRKERFWcxMVMOcYE2K1AaNLU8DXS9arxnLOUEWbOXKXiJUNzEpqZ3JOKpnha3jkFrumEjVliDe7A=="],

    "hast-util-to-text": ["hast-util-to-text@4.0.2", "", { "dependencies": { "@types/hast": "^3.0.0", "@types/unist": "^3.0.0", "hast-util-is-element": "^3.0.0", "unist-util-find-after": "^5.0.0" } }, "sha512-KK6y/BN8lbaq654j7JgBydev7wuNMcID54lkRav1P0CaE1e47P72AWWPiGKXTJU271ooYzcvTAn/Zt0REnvc7A=="],

    "hastscript": ["hastscript@8.0.0", "", { "dependencies": { "@types/hast": "^3.0.0", "comma-separated-tokens": "^2.0.0", "hast-util-parse-selector": "^4.0.0", "property-information": "^6.0.0", "space-separated-tokens": "^2.0.0" } }, "sha512-dMOtzCEd3ABUeSIISmrETiKuyydk1w0pa+gE/uormcTpSYuaNJPbX1NU3JLyscSLjwAQM8bWMhhIlnCqnRvDTw=="],

    "is-binary-path": ["is-binary-path@2.1.0", "", { "dependencies": { "binary-extensions": "^2.0.0" } }, "sha512-ZMERYes6pDydyuGidse7OsHxtbI7WVeUEozgR/g7rd0xUimYNlvZRE/K2MgZTjWy725IfelLeVcEM97mmtRGXw=="],

    "is-extglob": ["is-extglob@2.1.1", "", {}, "sha512-SbKbANkN603Vi4jEZv49LeVJMn4yGwsbzZworEoyEiutsN3nJYdbO36zfhGJ6QEDpOZIFkDtnq5JRxmvl3jsoQ=="],

    "is-fullwidth-code-point": ["is-fullwidth-code-point@4.0.0", "", {}, "sha512-O4L094N2/dZ7xqVdrXhh9r1KODPJpFms8B5sGdJLPy664AgvXsreZUyCQQNItZRDlYug4xStLjNp/sz3HvBowQ=="],

    "is-glob": ["is-glob@4.0.3", "", { "dependencies": { "is-extglob": "^2.1.1" } }, "sha512-xelSayHH36ZgE7ZWhli7pW34hNbNl8Ojv5KVmkJD4hBdD3th8Tfk9vYasLM+mXWOZhFkgZfxhLSnrwRr4elSSg=="],

    "is-number": ["is-number@7.0.0", "", {}, "sha512-41Cifkg6e8TylSpdtTpeLVMqvSBEVzTttHvERD741+pnZ8ANv0004MRL43QKPDlK9cGvNp6NZWZUBlbGXYxxng=="],

    "is-plain-obj": ["is-plain-obj@4.1.0", "", {}, "sha512-+Pgi+vMuUNkJyExiMBt5IlFoMyKnr5zhJ4Uspz58WOhBF5QoIZkFyNHIbBAtHwzVAgk5RtndVNsDRN61/mmDqg=="],

    "jose": ["jose@5.8.0", "", {}, "sha512-E7CqYpL/t7MMnfGnK/eg416OsFCVUrU/Y3Vwe7QjKhu/BkS1Ms455+2xsqZQVN57/U2MHMBvEb5SrmAZWAIntA=="],

    "linkify-it": ["linkify-it@5.0.0", "", { "dependencies": { "uc.micro": "^2.0.0" } }, "sha512-5aHCbzQRADcdP+ATqnDuhhJ/MRIqDkZX5pyjFHRRysS8vZ5AbqGEoFIb6pYHPZ+L/OC2Lc+xT8uHVVR5CAK/wQ=="],

    "listr2": ["listr2@8.2.4", "", { "dependencies": { "cli-truncate": "^4.0.0", "colorette": "^2.0.20", "eventemitter3": "^5.0.1", "log-update": "^6.1.0", "rfdc": "^1.4.1", "wrap-ansi": "^9.0.0" } }, "sha512-opevsywziHd3zHCVQGAj8zu+Z3yHNkkoYhWIGnq54RrCVwLz0MozotJEDnKsIBLvkfLGN6BLOyAeRrYI0pKA4g=="],

    "lodash-es": ["lodash-es@4.17.21", "", {}, "sha512-mKnC+QJ9pWVzv+C4/U3rRsHapFfHvQFoFB92e52xeyGMcX6/OlIl78je1u8vePzYZSkkogMPJ2yjxxsb89cxyw=="],

    "log-update": ["log-update@6.1.0", "", { "dependencies": { "ansi-escapes": "^7.0.0", "cli-cursor": "^5.0.0", "slice-ansi": "^7.1.0", "strip-ansi": "^7.1.0", "wrap-ansi": "^9.0.0" } }, "sha512-9ie8ItPR6tjY5uYJh8K/Zrv/RMZ5VOlOWvtZdEHYSTFKZfIBPQa9tOAEeAWhd+AnIneLJ22w5fjOYtoutpWq5w=="],

    "markdown-it": ["markdown-it@14.1.0", "", { "dependencies": { "argparse": "^2.0.1", "entities": "^4.4.0", "linkify-it": "^5.0.0", "mdurl": "^2.0.0", "punycode.js": "^2.3.1", "uc.micro": "^2.1.0" }, "bin": { "markdown-it": "bin/markdown-it.mjs" } }, "sha512-a54IwgWPaeBCAAsv13YgmALOF1elABB08FxO9i+r4VFk5Vl4pKokRPeX8u5TCgSsPi6ec1otfLjdOpVcgbpshg=="],

    "mdurl": ["mdurl@2.0.0", "", {}, "sha512-Lf+9+2r+Tdp5wXDXC4PcIBjTDtq4UKjCPMQhKIuzpJNW0b96kVqSwW0bT7FhRSfmAiFYgP+SCRvdrDozfh0U5w=="],

    "memoize-one": ["memoize-one@6.0.0", "", {}, "sha512-rkpe71W0N0c0Xz6QD0eJETuWAJGnJ9afsl1srmwPrI+yBCkge5EycXXbYRyvL29zZVUWQCY7InPRCv3GDXuZNw=="],

    "micromark": ["micromark@4.0.0", "", { "dependencies": { "@types/debug": "^4.0.0", "debug": "^4.0.0", "decode-named-character-reference": "^1.0.0", "devlop": "^1.0.0", "micromark-core-commonmark": "^2.0.0", "micromark-factory-space": "^2.0.0", "micromark-util-character": "^2.0.0", "micromark-util-chunked": "^2.0.0", "micromark-util-combine-extensions": "^2.0.0", "micromark-util-decode-numeric-character-reference": "^2.0.0", "micromark-util-encode": "^2.0.0", "micromark-util-normalize-identifier": "^2.0.0", "micromark-util-resolve-all": "^2.0.0", "micromark-util-sanitize-uri": "^2.0.0", "micromark-util-subtokenize": "^2.0.0", "micromark-util-symbol": "^2.0.0", "micromark-util-types": "^2.0.0" } }, "sha512-o/sd0nMof8kYff+TqcDx3VSrgBTcZpSvYcAHIfHhv5VAuNmisCxjhx6YmxS8PFEpb9z5WKWKPdzf0jM23ro3RQ=="],

    "micromark-core-commonmark": ["micromark-core-commonmark@2.0.1", "", { "dependencies": { "decode-named-character-reference": "^1.0.0", "devlop": "^1.0.0", "micromark-factory-destination": "^2.0.0", "micromark-factory-label": "^2.0.0", "micromark-factory-space": "^2.0.0", "micromark-factory-title": "^2.0.0", "micromark-factory-whitespace": "^2.0.0", "micromark-util-character": "^2.0.0", "micromark-util-chunked": "^2.0.0", "micromark-util-classify-character": "^2.0.0", "micromark-util-html-tag-name": "^2.0.0", "micromark-util-normalize-identifier": "^2.0.0", "micromark-util-resolve-all": "^2.0.0", "micromark-util-subtokenize": "^2.0.0", "micromark-util-symbol": "^2.0.0", "micromark-util-types": "^2.0.0" } }, "sha512-CUQyKr1e///ZODyD1U3xit6zXwy1a8q2a1S1HKtIlmgvurrEpaw/Y9y6KSIbF8P59cn/NjzHyO+Q2fAyYLQrAA=="],

    "micromark-extension-gfm-footnote": ["micromark-extension-gfm-footnote@2.1.0", "", { "dependencies": { "devlop": "^1.0.0", "micromark-core-commonmark": "^2.0.0", "micromark-factory-space": "^2.0.0", "micromark-util-character": "^2.0.0", "micromark-util-normalize-identifier": "^2.0.0", "micromark-util-sanitize-uri": "^2.0.0", "micromark-util-symbol": "^2.0.0", "micromark-util-types": "^2.0.0" } }, "sha512-/yPhxI1ntnDNsiHtzLKYnE3vf9JZ6cAisqVDauhp4CEHxlb4uoOTxOCJ+9s51bIB8U1N1FJ1RXOKTIlD5B/gqw=="],

    "micromark-extension-gfm-strikethrough": ["micromark-extension-gfm-strikethrough@2.1.0", "", { "dependencies": { "devlop": "^1.0.0", "micromark-util-chunked": "^2.0.0", "micromark-util-classify-character": "^2.0.0", "micromark-util-resolve-all": "^2.0.0", "micromark-util-symbol": "^2.0.0", "micromark-util-types": "^2.0.0" } }, "sha512-ADVjpOOkjz1hhkZLlBiYA9cR2Anf8F4HqZUO6e5eDcPQd0Txw5fxLzzxnEkSkfnD0wziSGiv7sYhk/ktvbf1uw=="],

    "micromark-extension-gfm-table": ["micromark-extension-gfm-table@2.1.0", "", { "dependencies": { "devlop": "^1.0.0", "micromark-factory-space": "^2.0.0", "micromark-util-character": "^2.0.0", "micromark-util-symbol": "^2.0.0", "micromark-util-types": "^2.0.0" } }, "sha512-Ub2ncQv+fwD70/l4ou27b4YzfNaCJOvyX4HxXU15m7mpYY+rjuWzsLIPZHJL253Z643RpbcP1oeIJlQ/SKW67g=="],

    "micromark-factory-destination": ["micromark-factory-destination@2.0.0", "", { "dependencies": { "micromark-util-character": "^2.0.0", "micromark-util-symbol": "^2.0.0", "micromark-util-types": "^2.0.0" } }, "sha512-j9DGrQLm/Uhl2tCzcbLhy5kXsgkHUrjJHg4fFAeoMRwJmJerT9aw4FEhIbZStWN8A3qMwOp1uzHr4UL8AInxtA=="],

    "micromark-factory-label": ["micromark-factory-label@2.0.0", "", { "dependencies": { "devlop": "^1.0.0", "micromark-util-character": "^2.0.0", "micromark-util-symbol": "^2.0.0", "micromark-util-types": "^2.0.0" } }, "sha512-RR3i96ohZGde//4WSe/dJsxOX6vxIg9TimLAS3i4EhBAFx8Sm5SmqVfR8E87DPSR31nEAjZfbt91OMZWcNgdZw=="],

    "micromark-factory-space": ["micromark-factory-space@2.0.0", "", { "dependencies": { "micromark-util-character": "^2.0.0", "micromark-util-types": "^2.0.0" } }, "sha512-TKr+LIDX2pkBJXFLzpyPyljzYK3MtmllMUMODTQJIUfDGncESaqB90db9IAUcz4AZAJFdd8U9zOp9ty1458rxg=="],

    "micromark-factory-title": ["micromark-factory-title@2.0.0", "", { "dependencies": { "micromark-factory-space": "^2.0.0", "micromark-util-character": "^2.0.0", "micromark-util-symbol": "^2.0.0", "micromark-util-types": "^2.0.0" } }, "sha512-jY8CSxmpWLOxS+t8W+FG3Xigc0RDQA9bKMY/EwILvsesiRniiVMejYTE4wumNc2f4UbAa4WsHqe3J1QS1sli+A=="],

    "micromark-factory-whitespace": ["micromark-factory-whitespace@2.0.0", "", { "dependencies": { "micromark-factory-space": "^2.0.0", "micromark-util-character": "^2.0.0", "micromark-util-symbol": "^2.0.0", "micromark-util-types": "^2.0.0" } }, "sha512-28kbwaBjc5yAI1XadbdPYHX/eDnqaUFVikLwrO7FDnKG7lpgxnvk/XGRhX/PN0mOZ+dBSZ+LgunHS+6tYQAzhA=="],

    "micromark-util-character": ["micromark-util-character@2.1.0", "", { "dependencies": { "micromark-util-symbol": "^2.0.0", "micromark-util-types": "^2.0.0" } }, "sha512-KvOVV+X1yLBfs9dCBSopq/+G1PcgT3lAK07mC4BzXi5E7ahzMAF8oIupDDJ6mievI6F+lAATkbQQlQixJfT3aQ=="],

    "micromark-util-chunked": ["micromark-util-chunked@2.0.0", "", { "dependencies": { "micromark-util-symbol": "^2.0.0" } }, "sha512-anK8SWmNphkXdaKgz5hJvGa7l00qmcaUQoMYsBwDlSKFKjc6gjGXPDw3FNL3Nbwq5L8gE+RCbGqTw49FK5Qyvg=="],

    "micromark-util-classify-character": ["micromark-util-classify-character@2.0.0", "", { "dependencies": { "micromark-util-character": "^2.0.0", "micromark-util-symbol": "^2.0.0", "micromark-util-types": "^2.0.0" } }, "sha512-S0ze2R9GH+fu41FA7pbSqNWObo/kzwf8rN/+IGlW/4tC6oACOs8B++bh+i9bVyNnwCcuksbFwsBme5OCKXCwIw=="],

    "micromark-util-combine-extensions": ["micromark-util-combine-extensions@2.0.0", "", { "dependencies": { "micromark-util-chunked": "^2.0.0", "micromark-util-types": "^2.0.0" } }, "sha512-vZZio48k7ON0fVS3CUgFatWHoKbbLTK/rT7pzpJ4Bjp5JjkZeasRfrS9wsBdDJK2cJLHMckXZdzPSSr1B8a4oQ=="],

    "micromark-util-decode-numeric-character-reference": ["micromark-util-decode-numeric-character-reference@2.0.1", "", { "dependencies": { "micromark-util-symbol": "^2.0.0" } }, "sha512-bmkNc7z8Wn6kgjZmVHOX3SowGmVdhYS7yBpMnuMnPzDq/6xwVA604DuOXMZTO1lvq01g+Adfa0pE2UKGlxL1XQ=="],

    "micromark-util-encode": ["micromark-util-encode@2.0.0", "", {}, "sha512-pS+ROfCXAGLWCOc8egcBvT0kf27GoWMqtdarNfDcjb6YLuV5cM3ioG45Ys2qOVqeqSbjaKg72vU+Wby3eddPsA=="],

    "micromark-util-html-tag-name": ["micromark-util-html-tag-name@2.0.0", "", {}, "sha512-xNn4Pqkj2puRhKdKTm8t1YHC/BAjx6CEwRFXntTaRf/x16aqka6ouVoutm+QdkISTlT7e2zU7U4ZdlDLJd2Mcw=="],

    "micromark-util-normalize-identifier": ["micromark-util-normalize-identifier@2.0.0", "", { "dependencies": { "micromark-util-symbol": "^2.0.0" } }, "sha512-2xhYT0sfo85FMrUPtHcPo2rrp1lwbDEEzpx7jiH2xXJLqBuy4H0GgXk5ToU8IEwoROtXuL8ND0ttVa4rNqYK3w=="],

    "micromark-util-resolve-all": ["micromark-util-resolve-all@2.0.0", "", { "dependencies": { "micromark-util-types": "^2.0.0" } }, "sha512-6KU6qO7DZ7GJkaCgwBNtplXCvGkJToU86ybBAUdavvgsCiG8lSSvYxr9MhwmQ+udpzywHsl4RpGJsYWG1pDOcA=="],

    "micromark-util-sanitize-uri": ["micromark-util-sanitize-uri@2.0.0", "", { "dependencies": { "micromark-util-character": "^2.0.0", "micromark-util-encode": "^2.0.0", "micromark-util-symbol": "^2.0.0" } }, "sha512-WhYv5UEcZrbAtlsnPuChHUAsu/iBPOVaEVsntLBIdpibO0ddy8OzavZz3iL2xVvBZOpolujSliP65Kq0/7KIYw=="],

    "micromark-util-subtokenize": ["micromark-util-subtokenize@2.0.1", "", { "dependencies": { "devlop": "^1.0.0", "micromark-util-chunked": "^2.0.0", "micromark-util-symbol": "^2.0.0", "micromark-util-types": "^2.0.0" } }, "sha512-jZNtiFl/1aY73yS3UGQkutD0UbhTt68qnRpw2Pifmz5wV9h8gOVsN70v+Lq/f1rKaU/W8pxRe8y8Q9FX1AOe1Q=="],

    "micromark-util-symbol": ["micromark-util-symbol@2.0.0", "", {}, "sha512-8JZt9ElZ5kyTnO94muPxIGS8oyElRJaiJO8EzV6ZSyGQ1Is8xwl4Q45qU5UOg+bGH4AikWziz0iN4sFLWs8PGw=="],

    "micromark-util-types": ["micromark-util-types@2.0.0", "", {}, "sha512-oNh6S2WMHWRZrmutsRmDDfkzKtxF+bc2VxLC9dvtrDIRFln627VsFP6fLMgTryGDljgLPjkrzQSDcPrjPyDJ5w=="],

    "mime-db": ["mime-db@1.25.0", "", {}, "sha512-5k547tI4Cy+Lddr/hdjNbBEWBwSl8EBc5aSdKvedav8DReADgWJzcYiktaRIw3GtGC1jjwldXtTzvqJZmtvC7w=="],

    "mime-types": ["mime-types@2.1.13", "", { "dependencies": { "mime-db": "~1.25.0" } }, "sha512-ryBDp1Z/6X90UvjUK3RksH0IBPM137T7cmg4OgD5wQBojlAiUwuok0QeELkim/72EtcYuNlmbkrcGuxj3Kl0YQ=="],

    "mimic-function": ["mimic-function@5.0.1", "", {}, "sha512-VP79XUPxV2CigYP3jWwAUFSku2aKqBH7uTAapFWCBqutsbmDo96KY5o8uh6U+/YSIn5OxJnXp73beVkpqMIGhA=="],

    "minisearch": ["minisearch@7.1.0", "", {}, "sha512-tv7c/uefWdEhcu6hvrfTihflgeEi2tN6VV7HJnCjK6VxM75QQJh4t9FwJCsA2EsRS8LCnu3W87CuGPWMocOLCA=="],

    "mnemonist": ["mnemonist@0.39.8", "", { "dependencies": { "obliterator": "^2.0.1" } }, "sha512-vyWo2K3fjrUw8YeeZ1zF0fy6Mu59RHokURlld8ymdUPjMlD9EC9ov1/YPqTgqRvUN9nTr3Gqfz29LYAmu0PHPQ=="],

    "ms": ["ms@2.1.2", "", {}, "sha512-sGkPx+VjMtmA6MX27oA4FBFELFCZZ4S4XqeGOXCv68tT+jb3vk/RyaKWP0PTKyWtmLSM0b+adUTEvbs1PEaH2w=="],

    "node-cache": ["node-cache@5.1.2", "", { "dependencies": { "clone": "2.x" } }, "sha512-t1QzWwnk4sjLWaQAS8CHgOJ+RAfmHpxFWmc36IWTiWHQfs0w5JDMBS1b1ZxQteo0vVVuWJvIUKHDkkeK7vIGCg=="],

    "node-fetch-native": ["node-fetch-native@1.6.4", "", {}, "sha512-IhOigYzAKHd244OC0JIMIUrjzctirCmPkaIfhDeGcEETWof5zKYUW7e7MYvChGWh/4CJeXEgsRyGzuF334rOOQ=="],

    "normalize-path": ["normalize-path@3.0.0", "", {}, "sha512-6eZs5Ls3WtCisHWp9S2GUy8dqkpGi4BVSz3GaqiE6ezub0512ESztXUwUB6C6IKbQkY2Pnb/mD4WYojCRwcwLA=="],

    "notes-frontend": ["notes-frontend@https://github.com/dtinth/notes-frontend/releases/download/v0.0.240928173659/notes-frontend-0.0.240928173659.tgz", { "dependencies": { "@supabase/supabase-js": "^2.45.3", "async-memoize-one": "^1.1.8", "minisearch": "^7.1.0", "stemmer": "^2.0.1", "stopwords": "^0.0.9" } }],

    "obliterator": ["obliterator@2.0.4", "", {}, "sha512-lgHwxlxV1qIg1Eap7LgIeoBWIMFibOjbrYPIPJZcI1mmGAI2m3lNYpK12Y+GBdPQ0U1hRwSord7GIaawz962qQ=="],

    "ofetch": ["ofetch@1.3.4", "", { "dependencies": { "destr": "^2.0.3", "node-fetch-native": "^1.6.3", "ufo": "^1.5.3" } }, "sha512-KLIET85ik3vhEfS+3fDlc/BAZiAp+43QEC/yCo5zkNoY2YaKvNkOaFr/6wCFgFH1kuYQM5pMNi0Tg8koiIemtw=="],

    "onetime": ["onetime@7.0.0", "", { "dependencies": { "mimic-function": "^5.0.0" } }, "sha512-VXJjc87FScF88uafS3JllDgvAm+c/Slfz06lorj2uAY34rlUu0Nt+v8wreiImcrgAjjIHp1rXpTDlLOGw29WwQ=="],

    "openapi-types": ["openapi-types@12.1.3", "", {}, "sha512-N4YtSYJqghVu4iek2ZUvcN/0aqH1kRDuNqzcycDxhOUpg7GdvLa2F3DgS6yBNhInhv2r/6I0Flkn7CqL8+nIcw=="],

    "p-limit": ["p-limit@6.1.0", "", { "dependencies": { "yocto-queue": "^1.1.1" } }, "sha512-H0jc0q1vOzlEk0TqAKXKZxdl7kX3OFUzCnNVUnq5Pc3DGo0kpeaMuPqxQn235HibwBEb0/pm9dgKTjXy66fBkg=="],

    "p-map": ["p-map@7.0.2", "", {}, "sha512-z4cYYMMdKHzw4O5UkWJImbZynVIo0lSGTXc7bzB1e/rrDqkgGUNysK/o4bTr+0+xKvvLoTyGqYC4Fgljy9qe1Q=="],

    "parse5": ["parse5@7.1.2", "", { "dependencies": { "entities": "^4.4.0" } }, "sha512-Czj1WaSVpaoj0wbhMzLmWD69anp2WH7FXMB9n1Sy8/ZFF9jolSQVMu1Ij5WIyGmcBmhk7EOndpO4mIpihVqAXw=="],

    "picomatch": ["picomatch@2.3.1", "", {}, "sha512-JU3teHTNjmE2VCGFzuY8EXzCDVwEqB2a8fsIvwaStHhAWJEeVd1o1QD80CU6+ZdEXXSLbSsuLwJjkCBWqRQUVA=="],

    "prettier": ["prettier@3.3.3", "", { "bin": { "prettier": "bin/prettier.cjs" } }, "sha512-i2tDNA0O5IrMO757lfrdQZCc2jPNDVntV0m/+4whiDfWaTKfMNgR7Qz0NAeGz/nRqF4m5/6CLzbP4/liHt12Ew=="],

    "property-information": ["property-information@6.5.0", "", {}, "sha512-PgTgs/BlvHxOu8QuEN7wi5A0OmXaBcHpmCSTehcs6Uuu9IkDIEo13Hy7n898RHfrQ49vKCoGeWZSaAK01nwVig=="],

    "punycode.js": ["punycode.js@2.3.1", "", {}, "sha512-uxFIHU0YlHYhDQtV4R9J6a52SLx28BCjT+4ieh7IGbgwVJWO+km431c4yRlREUAsAmt/uMjQUyQHNEPf0M39CA=="],

    "readdirp": ["readdirp@3.6.0", "", { "dependencies": { "picomatch": "^2.2.1" } }, "sha512-hOS089on8RduqdbhvQ5Z37A0ESjsqz6qnRcffsMU3495FuTdqSm+7bhJ29JvIOsBDEEnan5DPu9t3To9VRlMzA=="],

    "regexp-to-ast": ["regexp-to-ast@0.5.0", "", {}, "sha512-tlbJqcMHnPKI9zSrystikWKwHkBqu2a/Sgw01h3zFjvYrMxEDYHzzoMZnUrbIfpTFEsoRnnviOXNCzFiSc54Qw=="],

    "rehype-parse": ["rehype-parse@9.0.0", "", { "dependencies": { "@types/hast": "^3.0.0", "hast-util-from-html": "^2.0.0", "unified": "^11.0.0" } }, "sha512-WG7nfvmWWkCR++KEkZevZb/uw41E8TsH4DsY9UxsTbIXCVGbAs4S+r8FrQ+OtH5EEQAs+5UxKC42VinkmpA1Yw=="],

    "restore-cursor": ["restore-cursor@5.1.0", "", { "dependencies": { "onetime": "^7.0.0", "signal-exit": "^4.1.0" } }, "sha512-oMA2dcrw6u0YfxJQXm342bFKX/E4sG9rbTzO9ptUcR/e8A33cHuvStiYOwH7fszkZlZ1z/ta9AAoPk2F4qIOHA=="],

    "rfdc": ["rfdc@1.4.1", "", {}, "sha512-q1b3N5QkRUWUl7iyylaaj3kOpIT0N2i9MqIEQXP73GVsN9cw3fdx8X63cEmWhJGi2PPCF23Ijp7ktmd39rawIA=="],

    "rss": ["rss@1.2.2", "", { "dependencies": { "mime-types": "2.1.13", "xml": "1.0.1" } }, "sha512-xUhRTgslHeCBeHAqaWSbOYTydN2f0tAzNXvzh3stjz7QDhQMzdgHf3pfgNIngeytQflrFPfy6axHilTETr6gDg=="],

    "safe-stable-stringify": ["safe-stable-stringify@2.5.0", "", {}, "sha512-b3rppTKm9T+PsVCBEOUR46GWI7fdOs00VKZ1+9c1EWDaDMvjQc6tUwuFyIprgGgTcWoVHSKrU8H31ZHA2e0RHA=="],

    "signal-exit": ["signal-exit@4.1.0", "", {}, "sha512-bzyZ1e88w9O1iNJbKnOlvYTrWPDl46O1bG0D3XInv+9tkPrxrN8jUUTiFlDkkmKWgn1M6CfIA13SuGqOa9Korw=="],

    "slice-ansi": ["slice-ansi@5.0.0", "", { "dependencies": { "ansi-styles": "^6.0.0", "is-fullwidth-code-point": "^4.0.0" } }, "sha512-FC+lgizVPfie0kkhqUScwRu1O/lF6NOgJmlCgK+/LYxDCTk8sGelYaHDhFcDN+Sn3Cv+3VSa4Byeo+IMCzpMgQ=="],

    "sort-keys": ["sort-keys@5.1.0", "", { "dependencies": { "is-plain-obj": "^4.0.0" } }, "sha512-aSbHV0DaBcr7u0PVHXzM6NbZNAtrr9sF6+Qfs9UUVG7Ll3jQ6hHi8F/xqIIcn2rvIVbr0v/2zyjSdwSV47AgLQ=="],

    "space-separated-tokens": ["space-separated-tokens@2.0.2", "", {}, "sha512-PEGlAwrG8yXGXRjW32fGbg66JAlOAwbObuqVoJpv/mRgoWDQfgH1wDPvtzWyUSNAXBGSk8h755YDbbcEy3SH2Q=="],

    "stemmer": ["stemmer@2.0.1", "", { "bin": { "stemmer": "cli.js" } }, "sha512-bkWvSX2JR4nSZFfs113kd4C6X13bBBrg4fBKv2pVdzpdQI2LA5pZcWzTFNdkYsiUNl13E4EzymSRjZ0D55jBYg=="],

    "stopwords": ["stopwords@0.0.9", "", {}, "sha512-2OF7/9f5buXrBB8De5ZAC9+g5nIw9SRx9ZsL3Qpz6znSfPEihOmaMnwJxXehynZ9AfRNroHIKEIcsEmRywVXVQ=="],

    "string-width": ["string-width@7.2.0", "", { "dependencies": { "emoji-regex": "^10.3.0", "get-east-asian-width": "^1.0.0", "strip-ansi": "^7.1.0" } }, "sha512-tsaTIkKW9b4N+AEj+SVA+WhJzV7/zMhcSu78mLKWSk7cXMOSHsBKFWUs0fWwq8QyK3MgJBQRX6Gbi4kYbdvGkQ=="],

    "strip-ansi": ["strip-ansi@7.1.0", "", { "dependencies": { "ansi-regex": "^6.0.1" } }, "sha512-iq6eVVI64nQQTRYq2KtEg2d2uU7LElhTJwsH4YzIHZshxlgZms/wIc4VoDQTlG/IvVIrBKG06CrZnp0qv7hkcQ=="],

    "to-regex-range": ["to-regex-range@5.0.1", "", { "dependencies": { "is-number": "^7.0.0" } }, "sha512-65P7iz6X5yEr1cwcgvQxbbIw7Uk3gOy5dIdtZ4rDveLqhrdJP+Li/Hx6tyK0NEb+2GCyneCMJiGqrADCSNk8sQ=="],

    "tr46": ["tr46@0.0.3", "", {}, "sha512-N3WMsuqV66lT30CrXNbEjx4GEwlow3v6rr4mCcv6prnfwhS01rkgyFdjPNBYd9br7LpXV1+Emh01fHnq2Gdgrw=="],

    "trough": ["trough@2.2.0", "", {}, "sha512-tmMpK00BjZiUyVyvrBK7knerNgmgvcV/KLVyuma/SC+TQN167GrMRciANTz09+k3zW8L8t60jWO1GpfkZdjTaw=="],

    "uc.micro": ["uc.micro@2.1.0", "", {}, "sha512-ARDJmphmdvUk6Glw7y9DQ2bFkKBHwQHLi2lsaH6PPmz/Ka9sFOBsBluozhDltWmnv9u/cF6Rt87znRTPV+yp/A=="],

    "ufo": ["ufo@1.5.4", "", {}, "sha512-UsUk3byDzKd04EyoZ7U4DOlxQaD14JUKQl6/P7wiX4FNvUfm3XL246n9W5AmqwW5RSFJ27NAuM0iLscAOYUiGQ=="],

    "undici-types": ["undici-types@5.26.5", "", {}, "sha512-JlCMO+ehdEIKqlFxk6IfVoAUVmgz7cU7zD/h9XZ0qzeosSHmUJVOzSQvvYSYWXkFXC+IfLKSIffhv0sVZup6pA=="],

    "unified": ["unified@11.0.5", "", { "dependencies": { "@types/unist": "^3.0.0", "bail": "^2.0.0", "devlop": "^1.0.0", "extend": "^3.0.0", "is-plain-obj": "^4.0.0", "trough": "^2.0.0", "vfile": "^6.0.0" } }, "sha512-xKvGhPWw3k84Qjh8bI3ZeJjqnyadK+GEFtazSfZv/rKeTkTjOJho6mFqh2SM96iIcZokxiOpg78GazTSg8+KHA=="],

    "unist-util-find-after": ["unist-util-find-after@5.0.0", "", { "dependencies": { "@types/unist": "^3.0.0", "unist-util-is": "^6.0.0" } }, "sha512-amQa0Ep2m6hE2g72AugUItjbuM8X8cGQnFoHk0pGfrFeT9GZhzN5SW8nRsiGKK7Aif4CrACPENkA6P/Lw6fHGQ=="],

    "unist-util-is": ["unist-util-is@6.0.0", "", { "dependencies": { "@types/unist": "^3.0.0" } }, "sha512-2qCTHimwdxLfz+YzdGfkqNlH0tLi9xjTnHddPmJwtIG9MGsdbutfTc4P+haPD7l7Cjxf/WZj+we5qfVPvvxfYw=="],

    "unist-util-stringify-position": ["unist-util-stringify-position@4.0.0", "", { "dependencies": { "@types/unist": "^3.0.0" } }, "sha512-0ASV06AAoKCDkS2+xw5RXJywruurpbC4JZSm7nr7MOt1ojAzvyyaO+UxZf18j8FCF6kmzCZKcAgN/yu2gm2XgQ=="],

    "unist-util-visit": ["unist-util-visit@5.0.0", "", { "dependencies": { "@types/unist": "^3.0.0", "unist-util-is": "^6.0.0", "unist-util-visit-parents": "^6.0.0" } }, "sha512-MR04uvD+07cwl/yhVuVWAtw+3GOR/knlL55Nd/wAdblk27GCVt3lqpTivy/tkJcZoNPzTwS1Y+KMojlLDhoTzg=="],

    "unist-util-visit-parents": ["unist-util-visit-parents@6.0.1", "", { "dependencies": { "@types/unist": "^3.0.0", "unist-util-is": "^6.0.0" } }, "sha512-L/PqWzfTP9lzzEa6CKs0k2nARxTdZduw3zyh8d2NVBnsyvHjSX4TWse388YrrQKbvI8w20fGjGlhgT96WwKykw=="],

    "vfile": ["vfile@6.0.3", "", { "dependencies": { "@types/unist": "^3.0.0", "vfile-message": "^4.0.0" } }, "sha512-KzIbH/9tXat2u30jf+smMwFCsno4wHVdNmzFyL+T/L3UGqqk6JKfVqOFOZEpZSHADH1k40ab6NUIXZq422ov3Q=="],

    "vfile-location": ["vfile-location@5.0.3", "", { "dependencies": { "@types/unist": "^3.0.0", "vfile": "^6.0.0" } }, "sha512-5yXvWDEgqeiYiBe1lbxYF7UMAIm/IcopxMHrMQDq3nvKcjPKIhZklUKL+AE7J7uApI4kwe2snsK+eI6UTj9EHg=="],

    "vfile-message": ["vfile-message@4.0.2", "", { "dependencies": { "@types/unist": "^3.0.0", "unist-util-stringify-position": "^4.0.0" } }, "sha512-jRDZ1IMLttGj41KcZvlrYAaI3CfqpLpfpf+Mfig13viT6NKvRzWZ+lXz0Y5D60w6uJIBAOGq9mSHf0gktF0duw=="],

    "web-namespaces": ["web-namespaces@2.0.1", "", {}, "sha512-bKr1DkiNa2krS7qxNtdrtHAmzuYGFQLiQ13TsorsdT6ULTkPLKuu5+GsFpDlg6JFjUTwX2DyhMPG2be8uPrqsQ=="],

    "webidl-conversions": ["webidl-conversions@3.0.1", "", {}, "sha512-2JAn3z8AR6rjK8Sm8orRC0h/bcl/DqL7tRPdGZ4I1CjdF+EaMLmYxBHyXuKL849eucPFhvBoxMsflfOb8kxaeQ=="],

    "whatwg-url": ["whatwg-url@5.0.0", "", { "dependencies": { "tr46": "~0.0.3", "webidl-conversions": "^3.0.0" } }, "sha512-saE57nupxk6v3HY35+jzBwYa0rKSy0XR8JSxZPwgLr7ys0IBzhGviA1/TUGJLmSVqs8pb9AnvICXEuOHLprYTw=="],

    "wrap-ansi": ["wrap-ansi@9.0.0", "", { "dependencies": { "ansi-styles": "^6.2.1", "string-width": "^7.0.0", "strip-ansi": "^7.1.0" } }, "sha512-G8ura3S+3Z2G+mkgNRq8dqaFZAuxfsxpBB8OCTGRTCtp+l/v9nbFNmCUP1BZMts3G1142MsZfn6eeUKrr4PD1Q=="],

    "ws": ["ws@8.18.0", "", { "peerDependencies": { "bufferutil": "^4.0.1", "utf-8-validate": ">=5.0.2" }, "optionalPeers": ["bufferutil", "utf-8-validate"] }, "sha512-8VbfWfHLbbwu3+N6OKsOMpBdT4kXPDDB9cJk2bJ6mh9ucxdlnNvH1e+roYkKmN9Nxw2yjz7VzeO9oOz2zJ04Pw=="],

    "xml": ["xml@1.0.1", "", {}, "sha512-huCv9IH9Tcf95zuYCsQraZtWnJvBtLVE0QHMOs8bWyZAFZNDcYjsPq1nEx8jKA9y+Beo9v+7OBPRisQTjinQMw=="],

    "yocto-queue": ["yocto-queue@1.1.1", "", {}, "sha512-b4JR1PFR10y1mKjhHY9LaGo6tmrgjit7hxVIeAmyMw3jegXR4dhYqLaQF5zMXZxY7tLpMyJeLjr1C4rLmkVe8g=="],

    "log-update/slice-ansi": ["slice-ansi@7.1.0", "", { "dependencies": { "ansi-styles": "^6.2.1", "is-fullwidth-code-point": "^5.0.0" } }, "sha512-bSiSngZ/jWeX93BqeIAbImyTbEihizcwNjFoRUIY/T1wWQsfsm2Vw1agPKylXvQTU7iASGdHhyqRlqQzfz+Htg=="],

    "log-update/slice-ansi/is-fullwidth-code-point": ["is-fullwidth-code-point@5.0.0", "", { "dependencies": { "get-east-asian-width": "^1.0.0" } }, "sha512-OVa3u9kkBbw7b8Xw5F9P+D/T9X+Z4+JruYVNapTjPYZYUznQ5YfWeFkOj606XYYW8yugTfC8Pj0hYqvi4ryAhA=="],
  }
}
